{
  "name": "cmd-execute",
  "version": "1.0.0",
  "lockfileVersion": 3,
  "requires": true,
  "packages": {
    "": {
      "name": "cmd-execute",
      "version": "1.0.0",
      "license": "ISC",
      "dependencies": {
        "react-virtual-dropdown": "^1.2.0",
        "react-virtual-grid-table": "^1.0.6"
      }
    },
    "node_modules/react": {
      "version": "19.0.0",
      "resolved": "https://registry.npmjs.org/react/-/react-19.0.0.tgz",
      "integrity": "sha512-V8AVnmPIICiWpGfm6GLzCR/W5FXLchHop40W4nXBmdlEceh16rCN8O8LNWm5bh5XUX91fh7KpA+W0TgMKmgTpQ==",
      "license": "MIT",
      "engines": {
        "node": ">=0.10.0"
      }
    },
    "node_modules/react-dom": {
      "version": "19.0.0",
      "resolved": "https://registry.npmjs.org/react-dom/-/react-dom-19.0.0.tgz",
      "integrity": "sha512-4GV5sHFG0e/0AD4X+ySy6UJd3jVl1iNsNHdpad0qhABJ11twS3TTBnseqsKurKcsNqCEFeGL3uLpVChpIO3QfQ==",
      "license": "MIT",
      "dependencies": {
        "scheduler": "^0.25.0"
      },
      "peerDependencies": {
        "react": "^19.0.0"
      }
    },
    "node_modules/react-virtual-dropdown": {
      "version": "1.2.0",
      "resolved": "https://registry.npmjs.org/react-virtual-dropdown/-/react-virtual-dropdown-1.2.0.tgz",
      "integrity": "sha512-o/YSlsb5fuHz4N66K0/52FdqbD0z9tWt3j0KdK3SHIQucETNuGIo6rs/3yIGhldqlotACJMzysBR0vGk2yTfmQ==",
      "license": "MIT",
      "dependencies": {
        "react": "^19.0.0",
        "react-dom": "^19.0.0"
      }
    },
    "node_modules/react-virtual-grid-table": {
      "version": "1.0.6",
      "resolved": "https://registry.npmjs.org/react-virtual-grid-table/-/react-virtual-grid-table-1.0.6.tgz",
      "integrity": "sha512-dU8gDud1mF3eJLpyHVteBRMCqkAJDSrUsbJ73Z/BYdcx1n9VsA1IB3Sz65DaOo4Hj7eCalfbJvXRbR3kdBpfLg==",
      "license": "MIT",
      "dependencies": {
        "react": "^19.0.0",
        "react-dom": "^19.0.0"
      }
    },
    "node_modules/scheduler": {
      "version": "0.25.0",
      "resolved": "https://registry.npmjs.org/scheduler/-/scheduler-0.25.0.tgz",
      "integrity": "sha512-xFVuu11jh+xcO7JOAGJNOXld8/TcEHK/4CituBUeUb5hqxJLj9YuemAEuvm9gQ/+pgXYfbQuqAkiYu+u7YEsNA==",
      "license": "MIT"
    }
  }
}
